// !$*UTF8*$!
{
	archiveVersion = 1;
	classes = {
	};
	objectVersion = 50;
	objects = {

/* Begin PBXBuildFile section */
		65320A1C264B3ECF00A8FA99 /* News.swift in Sources */ = {isa = PBXBuildFile; fileRef = 65320A1B264B3ECF00A8FA99 /* News.swift */; };
		65320A1F264B421C00A8FA99 /* NetworkManager.swift in Sources */ = {isa = PBXBuildFile; fileRef = 65320A1E264B421C00A8FA99 /* NetworkManager.swift */; };
		6557FEDD264C85E7007E5771 /* NewsViewModel.swift in Sources */ = {isa = PBXBuildFile; fileRef = 6557FEDC264C85E7007E5771 /* NewsViewModel.swift */; };
		6557FEDF264C871B007E5771 /* NewsListViewModel.swift in Sources */ = {isa = PBXBuildFile; fileRef = 6557FEDE264C871B007E5771 /* NewsListViewModel.swift */; };
		657A26DC264F055100D89657 /* HeaderView.swift in Sources */ = {isa = PBXBuildFile; fileRef = 657A26DB264F055100D89657 /* HeaderView.swift */; };
		657A26E0264F2E4500D89657 /* ShadowImageView.swift in Sources */ = {isa = PBXBuildFile; fileRef = 657A26DF264F2E4500D89657 /* ShadowImageView.swift */; };
		657A26E22650876800D89657 /* NewsTableViewCell.swift in Sources */ = {isa = PBXBuildFile; fileRef = 657A26E12650876800D89657 /* NewsTableViewCell.swift */; };
		657D9D842649F68B00484919 /* AppDelegate.swift in Sources */ = {isa = PBXBuildFile; fileRef = 657D9D832649F68B00484919 /* AppDelegate.swift */; };
		657D9D862649F68B00484919 /* SceneDelegate.swift in Sources */ = {isa = PBXBuildFile; fileRef = 657D9D852649F68B00484919 /* SceneDelegate.swift */; };
		657D9D882649F68B00484919 /* ViewController.swift in Sources */ = {isa = PBXBuildFile; fileRef = 657D9D872649F68B00484919 /* ViewController.swift */; };
		657D9D8D2649F68C00484919 /* Assets.xcassets in Resources */ = {isa = PBXBuildFile; fileRef = 657D9D8C2649F68C00484919 /* Assets.xcassets */; };
		657D9D902649F68C00484919 /* LaunchScreen.storyboard in Resources */ = {isa = PBXBuildFile; fileRef = 657D9D8E2649F68C00484919 /* LaunchScreen.storyboard */; };
		657D9D99264A1C0800484919 /* APIKey.swift in Sources */ = {isa = PBXBuildFile; fileRef = 657D9D98264A1C0800484919 /* APIKey.swift */; };
/* End PBXBuildFile section */

/* Begin PBXFileReference section */
		65320A1B264B3ECF00A8FA99 /* News.swift */ = {isa = PBXFileReference; lastKnownFileType = sourcecode.swift; path = News.swift; sourceTree = "<group>"; };
		65320A1E264B421C00A8FA99 /* NetworkManager.swift */ = {isa = PBXFileReference; lastKnownFileType = sourcecode.swift; path = NetworkManager.swift; sourceTree = "<group>"; };
		6557FEDC264C85E7007E5771 /* NewsViewModel.swift */ = {isa = PBXFileReference; lastKnownFileType = sourcecode.swift; path = NewsViewModel.swift; sourceTree = "<group>"; };
		6557FEDE264C871B007E5771 /* NewsListViewModel.swift */ = {isa = PBXFileReference; lastKnownFileType = sourcecode.swift; path = NewsListViewModel.swift; sourceTree = "<group>"; };
		657A26DB264F055100D89657 /* HeaderView.swift */ = {isa = PBXFileReference; lastKnownFileType = sourcecode.swift; path = HeaderView.swift; sourceTree = "<group>"; };
		657A26DF264F2E4500D89657 /* ShadowImageView.swift */ = {isa = PBXFileReference; lastKnownFileType = sourcecode.swift; path = ShadowImageView.swift; sourceTree = "<group>"; };
		657A26E12650876800D89657 /* NewsTableViewCell.swift */ = {isa = PBXFileReference; lastKnownFileType = sourcecode.swift; path = NewsTableViewCell.swift; sourceTree = "<group>"; };
		657D9D802649F68B00484919 /* NewsApp.app */ = {isa = PBXFileReference; explicitFileType = wrapper.application; includeInIndex = 0; path = NewsApp.app; sourceTree = BUILT_PRODUCTS_DIR; };
		657D9D832649F68B00484919 /* AppDelegate.swift */ = {isa = PBXFileReference; lastKnownFileType = sourcecode.swift; path = AppDelegate.swift; sourceTree = "<group>"; };
		657D9D852649F68B00484919 /* SceneDelegate.swift */ = {isa = PBXFileReference; lastKnownFileType = sourcecode.swift; path = SceneDelegate.swift; sourceTree = "<group>"; };
		657D9D872649F68B00484919 /* ViewController.swift */ = {isa = PBXFileReference; lastKnownFileType = sourcecode.swift; path = ViewController.swift; sourceTree = "<group>"; };
		657D9D8C2649F68C00484919 /* Assets.xcassets */ = {isa = PBXFileReference; lastKnownFileType = folder.assetcatalog; path = Assets.xcassets; sourceTree = "<group>"; };
		657D9D8F2649F68C00484919 /* Base */ = {isa = PBXFileReference; lastKnownFileType = file.storyboard; name = Base; path = Base.lproj/LaunchScreen.storyboard; sourceTree = "<group>"; };
		657D9D912649F68C00484919 /* Info.plist */ = {isa = PBXFileReference; lastKnownFileType = text.plist.xml; path = Info.plist; sourceTree = "<group>"; };
		657D9D98264A1C0800484919 /* APIKey.swift */ = {isa = PBXFileReference; lastKnownFileType = sourcecode.swift; path = APIKey.swift; sourceTree = "<group>"; };
/* End PBXFileReference section */

/* Begin PBXFrameworksBuildPhase section */
		657D9D7D2649F68B00484919 /* Frameworks */ = {
			isa = PBXFrameworksBuildPhase;
			buildActionMask = 2147483647;
			files = (
			);
			runOnlyForDeploymentPostprocessing = 0;
		};
/* End PBXFrameworksBuildPhase section */

/* Begin PBXGroup section */
		65320A1A264B3EB600A8FA99 /* Models */ = {
			isa = PBXGroup;
			children = (
				65320A1B264B3ECF00A8FA99 /* News.swift */,
			);
			path = Models;
			sourceTree = "<group>";
		};
		65320A1D264B41FE00A8FA99 /* Services */ = {
			isa = PBXGroup;
			children = (
				65320A1E264B421C00A8FA99 /* NetworkManager.swift */,
			);
			path = Services;
			sourceTree = "<group>";
		};
		6557FEDB264C85C3007E5771 /* ViewModels */ = {
			isa = PBXGroup;
			children = (
				6557FEDC264C85E7007E5771 /* NewsViewModel.swift */,
				6557FEDE264C871B007E5771 /* NewsListViewModel.swift */,
			);
			path = ViewModels;
			sourceTree = "<group>";
		};
		657A26DA264F04E200D89657 /* Views */ = {
			isa = PBXGroup;
			children = (
				657A26DB264F055100D89657 /* HeaderView.swift */,
				657A26DF264F2E4500D89657 /* ShadowImageView.swift */,
				657A26E12650876800D89657 /* NewsTableViewCell.swift */,
			);
			path = Views;
			sourceTree = "<group>";
		};
		657D9D772649F68B00484919 = {
			isa = PBXGroup;
			children = (
				657D9D822649F68B00484919 /* NewsApp */,
				657D9D812649F68B00484919 /* Products */,
			);
			sourceTree = "<group>";
		};
		657D9D812649F68B00484919 /* Products */ = {
			isa = PBXGroup;
			children = (
				657D9D802649F68B00484919 /* NewsApp.app */,
			);
			name = Products;
			sourceTree = "<group>";
		};
		657D9D822649F68B00484919 /* NewsApp */ = {
			isa = PBXGroup;
			children = (
				657A26DA264F04E200D89657 /* Views */,
				6557FEDB264C85C3007E5771 /* ViewModels */,
				65320A1D264B41FE00A8FA99 /* Services */,
				65320A1A264B3EB600A8FA99 /* Models */,
				657D9D97264A1BF000484919 /* Config */,
				657D9D832649F68B00484919 /* AppDelegate.swift */,
				657D9D852649F68B00484919 /* SceneDelegate.swift */,
				657D9D872649F68B00484919 /* ViewController.swift */,
				657D9D8C2649F68C00484919 /* Assets.xcassets */,
				657D9D8E2649F68C00484919 /* LaunchScreen.storyboard */,
				657D9D912649F68C00484919 /* Info.plist */,
			);
			path = NewsApp;
			sourceTree = "<group>";
		};
		657D9D97264A1BF000484919 /* Config */ = {
			isa = PBXGroup;
			children = (
				657D9D98264A1C0800484919 /* APIKey.swift */,
			);
			path = Config;
			sourceTree = "<group>";
		};
/* End PBXGroup section */

/* Begin PBXNativeTarget section */
		657D9D7F2649F68B00484919 /* NewsApp */ = {
			isa = PBXNativeTarget;
			buildConfigurationList = 657D9D942649F68C00484919 /* Build configuration list for PBXNativeTarget "NewsApp" */;
			buildPhases = (
				657D9D7C2649F68B00484919 /* Sources */,
				657D9D7D2649F68B00484919 /* Frameworks */,
				657D9D7E2649F68B00484919 /* Resources */,
			);
			buildRules = (
			);
			dependencies = (
			);
			name = NewsApp;
			productName = NewsApp;
			productReference = 657D9D802649F68B00484919 /* NewsApp.app */;
			productType = "com.apple.product-type.application";
		};
/* End PBXNativeTarget section */

/* Begin PBXProject section */
		657D9D782649F68B00484919 /* Project object */ = {
			isa = PBXProject;
			attributes = {
				LastSwiftUpdateCheck = 1250;
				LastUpgradeCheck = 1250;
				TargetAttributes = {
					657D9D7F2649F68B00484919 = {
						CreatedOnToolsVersion = 12.5;
					};
				};
			};
			buildConfigurationList = 657D9D7B2649F68B00484919 /* Build configuration list for PBXProject "NewsApp" */;
			compatibilityVersion = "Xcode 9.3";
			developmentRegion = en;
			hasScannedForEncodings = 0;
			knownRegions = (
				en,
				Base,
			);
			mainGroup = 657D9D772649F68B00484919;
			productRefGroup = 657D9D812649F68B00484919 /* Products */;
			projectDirPath = "";
			projectRoot = "";
			targets = (
				657D9D7F2649F68B00484919 /* NewsApp */,
			);
		};
/* End PBXProject section */

/* Begin PBXResourcesBuildPhase section */
		657D9D7E2649F68B00484919 /* Resources */ = {
			isa = PBXResourcesBuildPhase;
			buildActionMask = 2147483647;
			files = (
				657D9D902649F68C00484919 /* LaunchScreen.storyboard in Resources */,
				657D9D8D2649F68C00484919 /* Assets.xcassets in Resources */,
			);
			runOnlyForDeploymentPostprocessing = 0;
		};
/* End PBXResourcesBuildPhase section */

/* Begin PBXSourcesBuildPhase section */
		657D9D7C2649F68B00484919 /* Sources */ = {
			isa = PBXSourcesBuildPhase;
			buildActionMask = 2147483647;
			files = (
				65320A1F264B421C00A8FA99 /* NetworkManager.swift in Sources */,
				657A26E22650876800D89657 /* NewsTableViewCell.swift in Sources */,
				657A26DC264F055100D89657 /* HeaderView.swift in Sources */,
				657D9D882649F68B00484919 /* ViewController.swift in Sources */,
				657D9D842649F68B00484919 /* AppDelegate.swift in Sources */,
				657D9D99264A1C0800484919 /* APIKey.swift in Sources */,
				6557FEDD264C85E7007E5771 /* NewsViewModel.swift in Sources */,
				65320A1C264B3ECF00A8FA99 /* News.swift in Sources */,
				657D9D862649F68B00484919 /* SceneDelegate.swift in Sources */,
				657A26E0264F2E4500D89657 /* ShadowImageView.swift in Sources */,
				6557FEDF264C871B007E5771 /* NewsListViewModel.swift in Sources */,
			);
			runOnlyForDeploymentPostprocessing = 0;
		};
/* End PBXSourcesBuildPhase section */

/* Begin PBXVariantGroup section */
		657D9D8E2649F68C00484919 /* LaunchScreen.storyboard */ = {
			isa = PBXVariantGroup;
			children = (
				657D9D8F2649F68C00484919 /* Base */,
			);
			name = LaunchScreen.storyboard;
			sourceTree = "<group>";
		};
/* End PBXVariantGroup section */

/* Begin XCBuildConfiguration section */
		657D9D922649F68C00484919 /* Debug */ = {
			isa = XCBuildConfiguration;
			buildSettings = {
				ALWAYS_SEARCH_USER_PATHS = NO;
				CLANG_ANALYZER_NONNULL = YES;
				CLANG_ANALYZER_NUMBER_OBJECT_CONVERSION = YES_AGGRESSIVE;
				CLANG_CXX_LANGUAGE_STANDARD = "gnu++14";
				CLANG_CXX_LIBRARY = "libc++";
				CLANG_ENABLE_MODULES = YES;
				CLANG_ENABLE_OBJC_ARC = YES;
				CLANG_ENABLE_OBJC_WEAK = YES;
				CLANG_WARN_BLOCK_CAPTURE_AUTORELEASING = YES;
				CLANG_WARN_BOOL_CONVERSION = YES;
				CLANG_WARN_COMMA = YES;
				CLANG_WARN_CONSTANT_CONVERSION = YES;
				CLANG_WARN_DEPRECATED_OBJC_IMPLEMENTATIONS = YES;
				CLANG_WARN_DIRECT_OBJC_ISA_USAGE = YES_ERROR;
				CLANG_WARN_DOCUMENTATION_COMMENTS = YES;
				CLANG_WARN_EMPTY_BODY = YES;
				CLANG_WARN_ENUM_CONVERSION = YES;
				CLANG_WARN_INFINITE_RECURSION = YES;
				CLANG_WARN_INT_CONVERSION = YES;
				CLANG_WARN_NON_LITERAL_NULL_CONVERSION = YES;
				CLANG_WARN_OBJC_IMPLICIT_RETAIN_SELF = YES;
				CLANG_WARN_OBJC_LITERAL_CONVERSION = YES;
				CLANG_WARN_OBJC_ROOT_CLASS = YES_ERROR;
				CLANG_WARN_QUOTED_INCLUDE_IN_FRAMEWORK_HEADER = YES;
				CLANG_WARN_RANGE_LOOP_ANALYSIS = YES;
				CLANG_WARN_STRICT_PROTOTYPES = YES;
				CLANG_WARN_SUSPICIOUS_MOVE = YES;
				CLANG_WARN_UNGUARDED_AVAILABILITY = YES_AGGRESSIVE;
				CLANG_WARN_UNREACHABLE_CODE = YES;
				CLANG_WARN__DUPLICATE_METHOD_MATCH = YES;
				COPY_PHASE_STRIP = NO;
				DEBUG_INFORMATION_FORMAT = dwarf;
				ENABLE_STRICT_OBJC_MSGSEND = YES;
				ENABLE_TESTABILITY = YES;
				GCC_C_LANGUAGE_STANDARD = gnu11;
				GCC_DYNAMIC_NO_PIC = NO;
				GCC_NO_COMMON_BLOCKS = YES;
				GCC_OPTIMIZATION_LEVEL = 0;
				GCC_PREPROCESSOR_DEFINITIONS = (
					"DEBUG=1",
					"$(inherited)",
				);
				GCC_WARN_64_TO_32_BIT_CONVERSION = YES;
				GCC_WARN_ABOUT_RETURN_TYPE = YES_ERROR;
				GCC_WARN_UNDECLARED_SELECTOR = YES;
				GCC_WARN_UNINITIALIZED_AUTOS = YES_AGGRESSIVE;
				GCC_WARN_UNUSED_FUNCTION = YES;
				GCC_WARN_UNUSED_VARIABLE = YES;
				IPHONEOS_DEPLOYMENT_TARGET = 14.5;
				MTL_ENABLE_DEBUG_INFO = INCLUDE_SOURCE;
				MTL_FAST_MATH = YES;
				ONLY_ACTIVE_ARCH = YES;
				SDKROOT = iphoneos;
				SWIFT_ACTIVE_COMPILATION_CONDITIONS = DEBUG;
				SWIFT_OPTIMIZATION_LEVEL = "-Onone";
			};
			name = Debug;
		};
		657D9D932649F68C00484919 /* Release */ = {
			isa = XCBuildConfiguration;
			buildSettings = {
				ALWAYS_SEARCH_USER_PATHS = NO;
				CLANG_ANALYZER_NONNULL = YES;
				CLANG_ANALYZER_NUMBER_OBJECT_CONVERSION = YES_AGGRESSIVE;
				CLANG_CXX_LANGUAGE_STANDARD = "gnu++14";
				CLANG_CXX_LIBRARY = "libc++";
				CLANG_ENABLE_MODULES = YES;
				CLANG_ENABLE_OBJC_ARC = YES;
				CLANG_ENABLE_OBJC_WEAK = YES;
				CLANG_WARN_BLOCK_CAPTURE_AUTORELEASING = YES;
				CLANG_WARN_BOOL_CONVERSION = YES;
				CLANG_WARN_COMMA = YES;
				CLANG_WARN_CONSTANT_CONVERSION = YES;
				CLANG_WARN_DEPRECATED_OBJC_IMPLEMENTATIONS = YES;
				CLANG_WARN_DIRECT_OBJC_ISA_USAGE = YES_ERROR;
				CLANG_WARN_DOCUMENTATION_COMMENTS = YES;
				CLANG_WARN_EMPTY_BODY = YES;
				CLANG_WARN_ENUM_CONVERSION = YES;
				CLANG_WARN_INFINITE_RECURSION = YES;
				CLANG_WARN_INT_CONVERSION = YES;
				CLANG_WARN_NON_LITERAL_NULL_CONVERSION = YES;
				CLANG_WARN_OBJC_IMPLICIT_RETAIN_SELF = YES;
				CLANG_WARN_OBJC_LITERAL_CONVERSION = YES;
				CLANG_WARN_OBJC_ROOT_CLASS = YES_ERROR;
				CLANG_WARN_QUOTED_INCLUDE_IN_FRAMEWORK_HEADER = YES;
				CLANG_WARN_RANGE_LOOP_ANALYSIS = YES;
				CLANG_WARN_STRICT_PROTOTYPES = YES;
				CLANG_WARN_SUSPICIOUS_MOVE = YES;
				CLANG_WARN_UNGUARDED_AVAILABILITY = YES_AGGRESSIVE;
				CLANG_WARN_UNREACHABLE_CODE = YES;
				CLANG_WARN__DUPLICATE_METHOD_MATCH = YES;
				COPY_PHASE_STRIP = NO;
				DEBUG_INFORMATION_FORMAT = "dwarf-with-dsym";
				ENABLE_NS_ASSERTIONS = NO;
				ENABLE_STRICT_OBJC_MSGSEND = YES;
				GCC_C_LANGUAGE_STANDARD = gnu11;
				GCC_NO_COMMON_BLOCKS = YES;
				GCC_WARN_64_TO_32_BIT_CONVERSION = YES;
				GCC_WARN_ABOUT_RETURN_TYPE = YES_ERROR;
				GCC_WARN_UNDECLARED_SELECTOR = YES;
				GCC_WARN_UNINITIALIZED_AUTOS = YES_AGGRESSIVE;
				GCC_WARN_UNUSED_FUNCTION = YES;
				GCC_WARN_UNUSED_VARIABLE = YES;
				IPHONEOS_DEPLOYMENT_TARGET = 14.5;
				MTL_ENABLE_DEBUG_INFO = NO;
				MTL_FAST_MATH = YES;
				SDKROOT = iphoneos;
				SWIFT_COMPILATION_MODE = wholemodule;
				SWIFT_OPTIMIZATION_LEVEL = "-O";
				VALIDATE_PRODUCT = YES;
			};
			name = Release;
		};
		657D9D952649F68C00484919 /* Debug */ = {
			isa = XCBuildConfiguration;
			buildSettings = {
				ASSETCATALOG_COMPILER_APPICON_NAME = AppIcon;
				ASSETCATALOG_COMPILER_GLOBAL_ACCENT_COLOR_NAME = AccentColor;
				CODE_SIGN_STYLE = Automatic;
				DEVELOPMENT_TEAM = D5ZAN7Z73F;
				INFOPLIST_FILE = NewsApp/Info.plist;
				LD_RUNPATH_SEARCH_PATHS = (
					"$(inherited)",
					"@executable_path/Frameworks",
				);
				PRODUCT_BUNDLE_IDENTIFIER = cengizhandumlu.NewsApp;
				PRODUCT_NAME = "$(TARGET_NAME)";
				SWIFT_VERSION = 5.0;
				TARGETED_DEVICE_FAMILY = "1,2";
			};
			name = Debug;
		};
		657D9D962649F68C00484919 /* Release */ = {
			isa = XCBuildConfiguration;
			buildSettings = {
				ASSETCATALOG_COMPILER_APPICON_NAME = AppIcon;
				ASSETCATALOG_COMPILER_GLOBAL_ACCENT_COLOR_NAME = AccentColor;
				CODE_SIGN_STYLE = Automatic;
				DEVELOPMENT_TEAM = D5ZAN7Z73F;
				INFOPLIST_FILE = NewsApp/Info.plist;
				LD_RUNPATH_SEARCH_PATHS = (
					"$(inherited)",
					"@executable_path/Frameworks",
				);
				PRODUCT_BUNDLE_IDENTIFIER = cengizhandumlu.NewsApp;
				PRODUCT_NAME = "$(TARGET_NAME)";
				SWIFT_VERSION = 5.0;
				TARGETED_DEVICE_FAMILY = "1,2";
			};
			name = Release;
		};
/* End XCBuildConfiguration section */

/* Begin XCConfigurationList section */
		657D9D7B2649F68B00484919 /* Build configuration list for PBXProject "NewsApp" */ = {
			isa = XCConfigurationList;
			buildConfigurations = (
				657D9D922649F68C00484919 /* Debug */,
				657D9D932649F68C00484919 /* Release */,
			);
			defaultConfigurationIsVisible = 0;
			defaultConfigurationName = Release;
		};
		657D9D942649F68C00484919 /* Build configuration list for PBXNativeTarget "NewsApp" */ = {
			isa = XCConfigurationList;
			buildConfigurations = (
				657D9D952649F68C00484919 /* Debug */,
				657D9D962649F68C00484919 /* Release */,
			);
			defaultConfigurationIsVisible = 0;
			defaultConfigurationName = Release;
		};
/* End XCConfigurationList section */
	};
	rootObject = 657D9D782649F68B00484919 /* Project object */;
}
